version = 1
requires-python = ">=3.11"

[[package]]
name = "python-template"
version = "0.1.0"
source = { virtual = "." }
dependencies = [
    { name = "timer" },
]

[package.metadata]
requires-dist = [{ name = "timer", specifier = ">=0.3.0" }]

[[package]]
name = "timer"
version = "0.3.0"
source = { registry = "https://pypi.org/simple" }
sdist = { url = "https://files.pythonhosted.org/packages/2f/73/4f181969840995cfc3e160108ff91a9732c40578e1e2e0ea9a42a56bd543/timer-0.3.0.tar.gz", hash = "sha256:9b11b71a48648f878dc4c29aa84387806d193ed9f71a39e84edb10f38ed6941f", size = 7364 }
wheels = [
    { url = "https://files.pythonhosted.org/packages/d3/25/6b3dd2c9f899562718d6781d7ad8f1608ba760c4cb5c20730a7e9f0cc7f2/timer-0.3.0-py3-none-any.whl", hash = "sha256:7d97061be15de87d309697c3088a30af58712bd60c971536161fccc0e3d051f3", size = 7968 },
]
